
Microsoft Visual Studio Solution File, Format Version 12.00
# Visual Studio 2012
Project("{FAE04EC0-301F-11D3-BF4B-00C04F79EFBC}") = "BuildStatus", "BuildStatus\BuildStatus.csproj", "{BA30B6C7-12AF-4F91-9A40-365A61378668}"
EndProject
Global
	GlobalSection(SolutionConfigurationPlatforms) = preSolution
		Debug|Any CPU = Debug|Any CPU
		Release|Any CPU = Release|Any CPU
	EndGlobalSection
	GlobalSection(ProjectConfigurationPlatforms) = postSolution
		{BA30B6C7-12AF-4F91-9A40-365A61378668}.Debug|Any CPU.ActiveCfg = Debug|Any CPU
		{BA30B6C7-12AF-4F91-9A40-365A61378668}.Debug|Any CPU.Build.0 = Debug|Any CPU
		{BA30B6C7-12AF-4F91-9A40-365A61378668}.Release|Any CPU.ActiveCfg = Release|Any CPU
		{BA30B6C7-12AF-4F91-9A40-365A61378668}.Release|Any CPU.Build.0 = Release|Any CPU
	EndGlobalSection
	GlobalSection(SolutionProperties) = preSolution
		HideSolutionNode = FALSE
	EndGlobalSection
EndGlobal
